version = 1
requires-python = ">=3.11"

[[package]]
name = "25"
version = "0.1.0"
source = { virtual = "." }
dependencies = [
    { name = "polars" },
]

[package.metadata]
requires-dist = [{ name = "polars", specifier = ">=1.19.0" }]

[[package]]
name = "polars"
version = "1.19.0"
source = { registry = "https://pypi.org/simple" }
sdist = { url = "https://files.pythonhosted.org/packages/26/d9/66ada2204483c4c4d83898ade77eacd5fbef26ae4975a0d7d5de134ca46a/polars-1.19.0.tar.gz", hash = "sha256:b52ada5c43fcdadf64f282522198c5549ee4e46ea57d236a4d7e572643070d9d", size = 4267947 }
wheels = [
    { url = "https://files.pythonhosted.org/packages/c0/7d/e8645281281d44d96752443366ceef2df76c9c1e17dce040111abb6a4a12/polars-1.19.0-cp39-abi3-macosx_10_12_x86_64.whl", hash = "sha256:51c01837268a1aa41785e60ed7d3363d4b52f652ab0eef4981f887bdfa2e9ca7", size = 29472039 },
    { url = "https://files.pythonhosted.org/packages/d7/fb/7e5054598d6bb7a47e4ca086797bae61270f7d570350cf779dd97384d913/polars-1.19.0-cp39-abi3-macosx_11_0_arm64.whl", hash = "sha256:20f8235e810f6ee795d7a215a3560945e6a1b57d017f87ba0c8542dced1fc665", size = 26150541 },
    { url = "https://files.pythonhosted.org/packages/ba/ba/6d715730c28b035abd308fc2cf0fcbae0cedea6216797e83ce4a9a96c6d4/polars-1.19.0-cp39-abi3-manylinux_2_17_x86_64.manylinux2014_x86_64.whl", hash = "sha256:be0ea51f7b3553652bf0d53f3b925e969a898d4feb9980acecf8e3037d696903", size = 32751173 },
    { url = "https://files.pythonhosted.org/packages/ea/9a/bee8ab37ab82b8eea75170afa3b37ea7e1df74e4c4da8f6c93b3009977fd/polars-1.19.0-cp39-abi3-manylinux_2_24_aarch64.whl", hash = "sha256:30305ef4e1b634c67a5d985832296fade9908482c5b1abb0100800808b2d090e", size = 29704437 },
    { url = "https://files.pythonhosted.org/packages/57/ec/74afa5699e37e03e3acc7f241f4e2c3e8c91847524005424d9cf038b3034/polars-1.19.0-cp39-abi3-win_amd64.whl", hash = "sha256:de4aa45e24f8f94a1da9cc6031a7db6fa65ac7de8246fac0bc581ebb427d0643", size = 32846039 },
    { url = "https://files.pythonhosted.org/packages/cf/5b/c6f6c70ddc9d3070dee65f4640437cb84ccb4cca04f7a81b01db15329ae3/polars-1.19.0-cp39-abi3-win_arm64.whl", hash = "sha256:d7ca7aeb63fa22c0a00f6cfa95dd5252c249e83dd4d1b954583a59f97a8e407b", size = 29029208 },
]
